{
  "version": 4,
  "terraform_version": "1.1.7",
  "serial": 1,
  "lineage": "74cf4ba5-bbe3-4ecb-05bd-d699b6f9c7d6",
  "outputs": {},
  "resources": [
    {
      "mode": "managed",
      "type": "azurerm_resource_group",
      "name": "clearly-earth-rg",
      "provider": "provider[\"registry.terraform.io/hashicorp/azurerm\"]",
      "instances": [
        {
          "schema_version": 0,
          "attributes": {
            "id": "/subscriptions/6a1f227b-1c08-4e03-943d-1d5491da845c/resourceGroups/clearly-earth-dev",
            "location": "northeurope",
            "name": "clearly-earth-dev",
            "tags": {
              "Environment": "dev",
              "Product": "clearly-earth"
            },
            "timeouts": null
          },
          "sensitive_attributes": [],
          "private": "eyJlMmJmYjczMC1lY2FhLTExZTYtOGY4OC0zNDM2M2JjN2M0YzAiOnsiY3JlYXRlIjo1NDAwMDAwMDAwMDAwLCJkZWxldGUiOjU0MDAwMDAwMDAwMDAsInJlYWQiOjMwMDAwMDAwMDAwMCwidXBkYXRlIjo1NDAwMDAwMDAwMDAwfX0="
        }
      ]
    }
  ]
}
